
Microsoft Visual Studio Solution File, Format Version 12.00
# Visual Studio Version 17
VisualStudioVersion = 17.0.31919.166
MinimumVisualStudioVersion = 10.0.40219.1
Project("{9A19103F-16F7-4668-BE54-9A1E7A4F7556}") = "HammerMode", "HammerMode.csproj", "{CF0D04CD-9DF1-466A-BC90-85910EEE3CA3}"
EndProject
Global
	GlobalSection(SolutionConfigurationPlatforms) = preSolution
		Debug|Any CPU = Debug|Any CPU
		Release|Any CPU = Release|Any CPU
	EndGlobalSection
	GlobalSection(ProjectConfigurationPlatforms) = postSolution
		{CF0D04CD-9DF1-466A-BC90-85910EEE3CA3}.Debug|Any CPU.ActiveCfg = Debug|Any CPU
		{CF0D04CD-9DF1-466A-BC90-85910EEE3CA3}.Debug|Any CPU.Build.0 = Debug|Any CPU
		{CF0D04CD-9DF1-466A-BC90-85910EEE3CA3}.Release|Any CPU.ActiveCfg = Release|Any CPU
		{CF0D04CD-9DF1-466A-BC90-85910EEE3CA3}.Release|Any CPU.Build.0 = Release|Any CPU
	EndGlobalSection
	GlobalSection(SolutionProperties) = preSolution
		HideSolutionNode = FALSE
	EndGlobalSection
	GlobalSection(ExtensibilityGlobals) = postSolution
		SolutionGuid = {70F7A990-18FD-4CFA-B479-455FC2BBFD02}
	EndGlobalSection
EndGlobal
